// !$*UTF8*$!
{
	archiveVersion = 1;
	classes = {
	};
	objectVersion = 55;
	objects = {

/* Begin PBXBuildFile section */
		2269760BAE4612187F18CAE6 /* Pods_ChatMe_MessengerApp.framework in Frameworks */ = {isa = PBXBuildFile; fileRef = FEF00C9B08AE9D2CC2B3D2B0 /* Pods_ChatMe_MessengerApp.framework */; };
		3B02C85228D6DD040080F1C0 /* GoogleService-Info.plist in Resources */ = {isa = PBXBuildFile; fileRef = 3B02C85128D6DD030080F1C0 /* GoogleService-Info.plist */; };
		3B02C85428D6E5DD0080F1C0 /* AuthService.swift in Sources */ = {isa = PBXBuildFile; fileRef = 3B02C85328D6E5DD0080F1C0 /* AuthService.swift */; };
		3B02C85728D6E7950080F1C0 /* AuthServiceImpl.swift in Sources */ = {isa = PBXBuildFile; fileRef = 3B02C85628D6E7950080F1C0 /* AuthServiceImpl.swift */; };
		3B02C85928D6E8130080F1C0 /* AuthError.swift in Sources */ = {isa = PBXBuildFile; fileRef = 3B02C85828D6E8130080F1C0 /* AuthError.swift */; };
		3B02C85B28D6EDB80080F1C0 /* AuthErrorPresenter.swift in Sources */ = {isa = PBXBuildFile; fileRef = 3B02C85A28D6EDB80080F1C0 /* AuthErrorPresenter.swift */; };
		3B02C85D28D6F6B80080F1C0 /* AlertPresenter.swift in Sources */ = {isa = PBXBuildFile; fileRef = 3B02C85C28D6F6B80080F1C0 /* AlertPresenter.swift */; };
		3B1330F528D475A3006C078F /* CMRoundedRectButton.swift in Sources */ = {isa = PBXBuildFile; fileRef = 3B1330F428D475A3006C078F /* CMRoundedRectButton.swift */; };
		3B1330F728D4772F006C078F /* UIButton + Ext.swift in Sources */ = {isa = PBXBuildFile; fileRef = 3B1330F628D4772F006C078F /* UIButton + Ext.swift */; };
		3B1F740C28D49A3400E4705A /* ProfileRegisterCoordinator.swift in Sources */ = {isa = PBXBuildFile; fileRef = 3B1F740B28D49A3400E4705A /* ProfileRegisterCoordinator.swift */; };
		3B1F741028D49B3800E4705A /* ProfileRegisterViewController.swift in Sources */ = {isa = PBXBuildFile; fileRef = 3B1F740F28D49B3800E4705A /* ProfileRegisterViewController.swift */; };
		3B1F741228D4B70000E4705A /* ProfileImageView.swift in Sources */ = {isa = PBXBuildFile; fileRef = 3B1F741128D4B70000E4705A /* ProfileImageView.swift */; };
		3B302E3F28CC8CE700844468 /* AppDelegate.swift in Sources */ = {isa = PBXBuildFile; fileRef = 3B302E3E28CC8CE700844468 /* AppDelegate.swift */; };
		3B302E4128CC8CE700844468 /* SceneDelegate.swift in Sources */ = {isa = PBXBuildFile; fileRef = 3B302E4028CC8CE700844468 /* SceneDelegate.swift */; };
		3B302E4328CC8CE700844468 /* LoginViewController.swift in Sources */ = {isa = PBXBuildFile; fileRef = 3B302E4228CC8CE700844468 /* LoginViewController.swift */; };
		3B302E4828CC8CE800844468 /* Assets.xcassets in Resources */ = {isa = PBXBuildFile; fileRef = 3B302E4728CC8CE800844468 /* Assets.xcassets */; };
		3B302E4B28CC8CE800844468 /* LaunchScreen.storyboard in Resources */ = {isa = PBXBuildFile; fileRef = 3B302E4928CC8CE800844468 /* LaunchScreen.storyboard */; };
		3B302E7F28CCAA8600844468 /* DI.swift in Sources */ = {isa = PBXBuildFile; fileRef = 3B302E7E28CCAA8600844468 /* DI.swift */; };
		3B302E8228CCAAF600844468 /* AppFactory.swift in Sources */ = {isa = PBXBuildFile; fileRef = 3B302E8128CCAAF600844468 /* AppFactory.swift */; };
		3B302E8428CCAB4200844468 /* BaseCoordinator.swift in Sources */ = {isa = PBXBuildFile; fileRef = 3B302E8328CCAB4200844468 /* BaseCoordinator.swift */; };
		3B302E8728CCAFF300844468 /* CoordinatorFactory.swift in Sources */ = {isa = PBXBuildFile; fileRef = 3B302E8628CCAFF300844468 /* CoordinatorFactory.swift */; };
		3B302E8928CCB03100844468 /* Router.swift in Sources */ = {isa = PBXBuildFile; fileRef = 3B302E8828CCB03100844468 /* Router.swift */; };
		3B302E8B28CCB13200844468 /* RouterImpl.swift in Sources */ = {isa = PBXBuildFile; fileRef = 3B302E8A28CCB13200844468 /* RouterImpl.swift */; };
		3B302E8D28CCB5CA00844468 /* CoordinatorFactoryImpl.swift in Sources */ = {isa = PBXBuildFile; fileRef = 3B302E8C28CCB5CA00844468 /* CoordinatorFactoryImpl.swift */; };
		3B302E8F28CCB5FF00844468 /* ApplicationCoordinator.swift in Sources */ = {isa = PBXBuildFile; fileRef = 3B302E8E28CCB5FF00844468 /* ApplicationCoordinator.swift */; };
		3B302E9128CCB64500844468 /* AssemblyBuilder.swift in Sources */ = {isa = PBXBuildFile; fileRef = 3B302E9028CCB64500844468 /* AssemblyBuilder.swift */; };
		3B302E9B28CCC1A100844468 /* LoginCoordinator.swift in Sources */ = {isa = PBXBuildFile; fileRef = 3B302E9A28CCC1A100844468 /* LoginCoordinator.swift */; };
		3B302E9D28CCCB8D00844468 /* Coordinator.swift in Sources */ = {isa = PBXBuildFile; fileRef = 3B302E9C28CCCB8D00844468 /* Coordinator.swift */; };
		3B302E9F28CCCC5D00844468 /* UIViewController + Ext.swift in Sources */ = {isa = PBXBuildFile; fileRef = 3B302E9E28CCCC5D00844468 /* UIViewController + Ext.swift */; };
		3B30432928D23A7C0067E301 /* Closures.swift in Sources */ = {isa = PBXBuildFile; fileRef = 3B30432828D23A7C0067E301 /* Closures.swift */; };
		3B62407A28E19B4F00D04529 /* ChatTableViewCell.swift in Sources */ = {isa = PBXBuildFile; fileRef = 3B62407928E19B4F00D04529 /* ChatTableViewCell.swift */; };
		3B62407C28E19FEE00D04529 /* ChatsViewModel.swift in Sources */ = {isa = PBXBuildFile; fileRef = 3B62407B28E19FEE00D04529 /* ChatsViewModel.swift */; };
		3B62407E28E1D71D00D04529 /* ChatViewController.swift in Sources */ = {isa = PBXBuildFile; fileRef = 3B62407D28E1D71D00D04529 /* ChatViewController.swift */; };
		3B62408228E1E6E000D04529 /* NewChatViewController.swift in Sources */ = {isa = PBXBuildFile; fileRef = 3B62408128E1E6E000D04529 /* NewChatViewController.swift */; };
		3B62408628E1EE8A00D04529 /* NewChatViewModel.swift in Sources */ = {isa = PBXBuildFile; fileRef = 3B62408528E1EE8A00D04529 /* NewChatViewModel.swift */; };
		3B62408828E1F16200D04529 /* NewChatCoordinator.swift in Sources */ = {isa = PBXBuildFile; fileRef = 3B62408728E1F16200D04529 /* NewChatCoordinator.swift */; };
		3B62408B28E20ED100D04529 /* UsersSearchResultsViewController.swift in Sources */ = {isa = PBXBuildFile; fileRef = 3B62408A28E20ED100D04529 /* UsersSearchResultsViewController.swift */; };
		3B62408D28E20F2500D04529 /* UsersSearchResultsViewModel.swift in Sources */ = {isa = PBXBuildFile; fileRef = 3B62408C28E20F2500D04529 /* UsersSearchResultsViewModel.swift */; };
		3B62409028E2161E00D04529 /* UserTableViewCell.swift in Sources */ = {isa = PBXBuildFile; fileRef = 3B62408F28E2161E00D04529 /* UserTableViewCell.swift */; };
		3B62409228E2172900D04529 /* UserTableViewCellViewModel.swift in Sources */ = {isa = PBXBuildFile; fileRef = 3B62409128E2172900D04529 /* UserTableViewCellViewModel.swift */; };
		3B8D570128CE072B0004BDAD /* CMBaseController.swift in Sources */ = {isa = PBXBuildFile; fileRef = 3B8D570028CE072B0004BDAD /* CMBaseController.swift */; };
		3B8D570328CE07F90004BDAD /* UIView + Ext.swift in Sources */ = {isa = PBXBuildFile; fileRef = 3B8D570228CE07F90004BDAD /* UIView + Ext.swift */; };
		3B8D570628CE08F80004BDAD /* Resources.swift in Sources */ = {isa = PBXBuildFile; fileRef = 3B8D570528CE08F80004BDAD /* Resources.swift */; };
		3B8D570828CE28E60004BDAD /* AuthorizationField.swift in Sources */ = {isa = PBXBuildFile; fileRef = 3B8D570728CE28E60004BDAD /* AuthorizationField.swift */; };
		3B8D570A28CE28FD0004BDAD /* CMBaseView.swift in Sources */ = {isa = PBXBuildFile; fileRef = 3B8D570928CE28FD0004BDAD /* CMBaseView.swift */; };
		3B8D570D28CE29340004BDAD /* BaseViewSetup.swift in Sources */ = {isa = PBXBuildFile; fileRef = 3B8D570C28CE29340004BDAD /* BaseViewSetup.swift */; };
		3B8D571328CE4E210004BDAD /* LoginViewModel.swift in Sources */ = {isa = PBXBuildFile; fileRef = 3B8D571228CE4E210004BDAD /* LoginViewModel.swift */; };
		3B8D571528CE55BA0004BDAD /* UIStackView + Ext.swift in Sources */ = {isa = PBXBuildFile; fileRef = 3B8D571428CE55BA0004BDAD /* UIStackView + Ext.swift */; };
		3B95952528DA186A006B44EC /* UserViewModel.swift in Sources */ = {isa = PBXBuildFile; fileRef = 3B95952428DA186A006B44EC /* UserViewModel.swift */; };
		3B95952728DA1965006B44EC /* ObservableObject.swift in Sources */ = {isa = PBXBuildFile; fileRef = 3B95952628DA1965006B44EC /* ObservableObject.swift */; };
		3B95952928DA2E24006B44EC /* UserInfoView.swift in Sources */ = {isa = PBXBuildFile; fileRef = 3B95952828DA2E24006B44EC /* UserInfoView.swift */; };
		3BA62D0B28D17D6300741288 /* CMTabBarController.swift in Sources */ = {isa = PBXBuildFile; fileRef = 3BA62D0A28D17D6300741288 /* CMTabBarController.swift */; };
		3BA62D0D28D182E400741288 /* UIColor + Ext.swift in Sources */ = {isa = PBXBuildFile; fileRef = 3BA62D0C28D182E400741288 /* UIColor + Ext.swift */; };
		3BA62D1128D183BF00741288 /* ChatsViewController.swift in Sources */ = {isa = PBXBuildFile; fileRef = 3BA62D1028D183BF00741288 /* ChatsViewController.swift */; };
		3BA62D1428D1840500741288 /* UserViewController.swift in Sources */ = {isa = PBXBuildFile; fileRef = 3BA62D1328D1840500741288 /* UserViewController.swift */; };
		3BA77BED28CF105E009F1366 /* LoginError.swift in Sources */ = {isa = PBXBuildFile; fileRef = 3BA77BEC28CF105E009F1366 /* LoginError.swift */; };
		3BA77BEF28CF16CB009F1366 /* AssemblyBuilderImpl.swift in Sources */ = {isa = PBXBuildFile; fileRef = 3BA77BEE28CF16CB009F1366 /* AssemblyBuilderImpl.swift */; };
		3BAC64E328D3737D00A6BE77 /* AccountRegisterCoordinator.swift in Sources */ = {isa = PBXBuildFile; fileRef = 3BAC64E228D3737D00A6BE77 /* AccountRegisterCoordinator.swift */; };
		3BAC64E628D376F700A6BE77 /* AccountRegisterViewController.swift in Sources */ = {isa = PBXBuildFile; fileRef = 3BAC64E528D376F700A6BE77 /* AccountRegisterViewController.swift */; };
		3BAC64E828D3772B00A6BE77 /* AccountRegisterViewModel.swift in Sources */ = {isa = PBXBuildFile; fileRef = 3BAC64E728D3772B00A6BE77 /* AccountRegisterViewModel.swift */; };
		3BAC64EA28D3791E00A6BE77 /* ViewModelable.swift in Sources */ = {isa = PBXBuildFile; fileRef = 3BAC64E928D3791E00A6BE77 /* ViewModelable.swift */; };
		3BAC64EC28D384E900A6BE77 /* CMBaseNavigationController.swift in Sources */ = {isa = PBXBuildFile; fileRef = 3BAC64EB28D384E900A6BE77 /* CMBaseNavigationController.swift */; };
		3BAE880728E85994006C8A8E /* UserProfileModel.swift in Sources */ = {isa = PBXBuildFile; fileRef = 3BAE880628E85994006C8A8E /* UserProfileModel.swift */; };
		3BB1554C28E840BE0061358E /* ChatViewModel.swift in Sources */ = {isa = PBXBuildFile; fileRef = 3BB1554B28E840BE0061358E /* ChatViewModel.swift */; };
		3BB1554E28E844AE0061358E /* ChatsDatabaseManagerImpl.swift in Sources */ = {isa = PBXBuildFile; fileRef = 3BB1554D28E844AE0061358E /* ChatsDatabaseManagerImpl.swift */; };
		3BB1555028E844E10061358E /* ChatsDatabaseManager.swift in Sources */ = {isa = PBXBuildFile; fileRef = 3BB1554F28E844E10061358E /* ChatsDatabaseManager.swift */; };
		3BBD62C628E982BA00086E0E /* ChatManagerImpl.swift in Sources */ = {isa = PBXBuildFile; fileRef = 3BBD62C528E982BA00086E0E /* ChatManagerImpl.swift */; };
		3BBD62C828E982C500086E0E /* ChatManager.swift in Sources */ = {isa = PBXBuildFile; fileRef = 3BBD62C728E982C500086E0E /* ChatManager.swift */; };
		3BBD62CB28E98FF600086E0E /* ChatCoordinator.swift in Sources */ = {isa = PBXBuildFile; fileRef = 3BBD62CA28E98FF600086E0E /* ChatCoordinator.swift */; };
		3BC5469B28D99058002CCBBD /* DatabaseManagerImpl.swift in Sources */ = {isa = PBXBuildFile; fileRef = 3BC5469A28D99058002CCBBD /* DatabaseManagerImpl.swift */; };
		3BC5469D28D99094002CCBBD /* DatabaseManager.swift in Sources */ = {isa = PBXBuildFile; fileRef = 3BC5469C28D99094002CCBBD /* DatabaseManager.swift */; };
		3BC5469F28D99148002CCBBD /* DatabaseCollection.swift in Sources */ = {isa = PBXBuildFile; fileRef = 3BC5469E28D99148002CCBBD /* DatabaseCollection.swift */; };
		3BC546A428D99D79002CCBBD /* UsersDatabaseManagerImpl.swift in Sources */ = {isa = PBXBuildFile; fileRef = 3BC546A328D99D79002CCBBD /* UsersDatabaseManagerImpl.swift */; };
		3BC546A628D99DD3002CCBBD /* UsersDatabaseManager.swift in Sources */ = {isa = PBXBuildFile; fileRef = 3BC546A528D99DD3002CCBBD /* UsersDatabaseManager.swift */; };
		3BD2B89928D5D621009CF754 /* CMTitleLabel.swift in Sources */ = {isa = PBXBuildFile; fileRef = 3BD2B89828D5D621009CF754 /* CMTitleLabel.swift */; };
		3BD2B89B28D5D6EC009CF754 /* CMInfoLabel.swift in Sources */ = {isa = PBXBuildFile; fileRef = 3BD2B89A28D5D6EC009CF754 /* CMInfoLabel.swift */; };
		3BD2B89D28D5D7D1009CF754 /* LoginErrorLabel.swift in Sources */ = {isa = PBXBuildFile; fileRef = 3BD2B89C28D5D7D1009CF754 /* LoginErrorLabel.swift */; };
		3BD2B89F28D5DABF009CF754 /* ProfileRegisterViewModel.swift in Sources */ = {isa = PBXBuildFile; fileRef = 3BD2B89E28D5DABF009CF754 /* ProfileRegisterViewModel.swift */; };
		3BD2B8A128D5DCA8009CF754 /* PiecemealUser.swift in Sources */ = {isa = PBXBuildFile; fileRef = 3BD2B8A028D5DCA8009CF754 /* PiecemealUser.swift */; };
		3BE7E1E328D84966004AB284 /* String + Ext.swift in Sources */ = {isa = PBXBuildFile; fileRef = 3BE7E1E228D84966004AB284 /* String + Ext.swift */; };
		3BE7E1E528D85685004AB284 /* ActiveStatus.swift in Sources */ = {isa = PBXBuildFile; fileRef = 3BE7E1E428D85685004AB284 /* ActiveStatus.swift */; };
		3BF6BB0E28EA28EF0081B158 /* UserDefaults + Ext.swift in Sources */ = {isa = PBXBuildFile; fileRef = 3BF6BB0D28EA28EF0081B158 /* UserDefaults + Ext.swift */; };
		3BF6BB1028EA35820081B158 /* UIImage + Ext.swift in Sources */ = {isa = PBXBuildFile; fileRef = 3BF6BB0F28EA35820081B158 /* UIImage + Ext.swift */; };
		3BFDF5C528D1AA3D00A452F5 /* CMCoordinator.swift in Sources */ = {isa = PBXBuildFile; fileRef = 3BFDF5C428D1AA3D00A452F5 /* CMCoordinator.swift */; };
		3BFDF5C728D1B80C00A452F5 /* ChatsCoordinator.swift in Sources */ = {isa = PBXBuildFile; fileRef = 3BFDF5C628D1B80C00A452F5 /* ChatsCoordinator.swift */; };
		3BFDF5C928D1B96F00A452F5 /* UserCoordinator.swift in Sources */ = {isa = PBXBuildFile; fileRef = 3BFDF5C828D1B96F00A452F5 /* UserCoordinator.swift */; };
/* End PBXBuildFile section */

/* Begin PBXFileReference section */
		1F8DCCA6C800E34EB4D66768 /* Pods-ChatMe-MessengerApp.debug.xcconfig */ = {isa = PBXFileReference; includeInIndex = 1; lastKnownFileType = text.xcconfig; name = "Pods-ChatMe-MessengerApp.debug.xcconfig"; path = "Target Support Files/Pods-ChatMe-MessengerApp/Pods-ChatMe-MessengerApp.debug.xcconfig"; sourceTree = "<group>"; };
		3B02C85128D6DD030080F1C0 /* GoogleService-Info.plist */ = {isa = PBXFileReference; fileEncoding = 4; lastKnownFileType = text.plist.xml; path = "GoogleService-Info.plist"; sourceTree = "<group>"; };
		3B02C85328D6E5DD0080F1C0 /* AuthService.swift */ = {isa = PBXFileReference; lastKnownFileType = sourcecode.swift; path = AuthService.swift; sourceTree = "<group>"; };
		3B02C85628D6E7950080F1C0 /* AuthServiceImpl.swift */ = {isa = PBXFileReference; lastKnownFileType = sourcecode.swift; path = AuthServiceImpl.swift; sourceTree = "<group>"; };
		3B02C85828D6E8130080F1C0 /* AuthError.swift */ = {isa = PBXFileReference; lastKnownFileType = sourcecode.swift; path = AuthError.swift; sourceTree = "<group>"; };
		3B02C85A28D6EDB80080F1C0 /* AuthErrorPresenter.swift */ = {isa = PBXFileReference; lastKnownFileType = sourcecode.swift; path = AuthErrorPresenter.swift; sourceTree = "<group>"; };
		3B02C85C28D6F6B80080F1C0 /* AlertPresenter.swift */ = {isa = PBXFileReference; lastKnownFileType = sourcecode.swift; path = AlertPresenter.swift; sourceTree = "<group>"; };
		3B1330F428D475A3006C078F /* CMRoundedRectButton.swift */ = {isa = PBXFileReference; lastKnownFileType = sourcecode.swift; path = CMRoundedRectButton.swift; sourceTree = "<group>"; };
		3B1330F628D4772F006C078F /* UIButton + Ext.swift */ = {isa = PBXFileReference; lastKnownFileType = sourcecode.swift; path = "UIButton + Ext.swift"; sourceTree = "<group>"; };
		3B1F740B28D49A3400E4705A /* ProfileRegisterCoordinator.swift */ = {isa = PBXFileReference; lastKnownFileType = sourcecode.swift; path = ProfileRegisterCoordinator.swift; sourceTree = "<group>"; };
		3B1F740F28D49B3800E4705A /* ProfileRegisterViewController.swift */ = {isa = PBXFileReference; lastKnownFileType = sourcecode.swift; path = ProfileRegisterViewController.swift; sourceTree = "<group>"; };
		3B1F741128D4B70000E4705A /* ProfileImageView.swift */ = {isa = PBXFileReference; lastKnownFileType = sourcecode.swift; path = ProfileImageView.swift; sourceTree = "<group>"; };
		3B302E3B28CC8CE700844468 /* ChatMe-MessengerApp.app */ = {isa = PBXFileReference; explicitFileType = wrapper.application; includeInIndex = 0; path = "ChatMe-MessengerApp.app"; sourceTree = BUILT_PRODUCTS_DIR; };
		3B302E3E28CC8CE700844468 /* AppDelegate.swift */ = {isa = PBXFileReference; lastKnownFileType = sourcecode.swift; path = AppDelegate.swift; sourceTree = "<group>"; };
		3B302E4028CC8CE700844468 /* SceneDelegate.swift */ = {isa = PBXFileReference; lastKnownFileType = sourcecode.swift; path = SceneDelegate.swift; sourceTree = "<group>"; };
		3B302E4228CC8CE700844468 /* LoginViewController.swift */ = {isa = PBXFileReference; lastKnownFileType = sourcecode.swift; path = LoginViewController.swift; sourceTree = "<group>"; };
		3B302E4728CC8CE800844468 /* Assets.xcassets */ = {isa = PBXFileReference; lastKnownFileType = folder.assetcatalog; path = Assets.xcassets; sourceTree = "<group>"; };
		3B302E4A28CC8CE800844468 /* Base */ = {isa = PBXFileReference; lastKnownFileType = file.storyboard; name = Base; path = Base.lproj/LaunchScreen.storyboard; sourceTree = "<group>"; };
		3B302E4C28CC8CE800844468 /* Info.plist */ = {isa = PBXFileReference; lastKnownFileType = text.plist.xml; path = Info.plist; sourceTree = "<group>"; };
		3B302E7E28CCAA8600844468 /* DI.swift */ = {isa = PBXFileReference; lastKnownFileType = sourcecode.swift; path = DI.swift; sourceTree = "<group>"; };
		3B302E8128CCAAF600844468 /* AppFactory.swift */ = {isa = PBXFileReference; lastKnownFileType = sourcecode.swift; path = AppFactory.swift; sourceTree = "<group>"; };
		3B302E8328CCAB4200844468 /* BaseCoordinator.swift */ = {isa = PBXFileReference; lastKnownFileType = sourcecode.swift; path = BaseCoordinator.swift; sourceTree = "<group>"; };
		3B302E8628CCAFF300844468 /* CoordinatorFactory.swift */ = {isa = PBXFileReference; lastKnownFileType = sourcecode.swift; path = CoordinatorFactory.swift; sourceTree = "<group>"; };
		3B302E8828CCB03100844468 /* Router.swift */ = {isa = PBXFileReference; lastKnownFileType = sourcecode.swift; path = Router.swift; sourceTree = "<group>"; };
		3B302E8A28CCB13200844468 /* RouterImpl.swift */ = {isa = PBXFileReference; lastKnownFileType = sourcecode.swift; path = RouterImpl.swift; sourceTree = "<group>"; };
		3B302E8C28CCB5CA00844468 /* CoordinatorFactoryImpl.swift */ = {isa = PBXFileReference; lastKnownFileType = sourcecode.swift; path = CoordinatorFactoryImpl.swift; sourceTree = "<group>"; };
		3B302E8E28CCB5FF00844468 /* ApplicationCoordinator.swift */ = {isa = PBXFileReference; lastKnownFileType = sourcecode.swift; path = ApplicationCoordinator.swift; sourceTree = "<group>"; };
		3B302E9028CCB64500844468 /* AssemblyBuilder.swift */ = {isa = PBXFileReference; lastKnownFileType = sourcecode.swift; path = AssemblyBuilder.swift; sourceTree = "<group>"; };
		3B302E9A28CCC1A100844468 /* LoginCoordinator.swift */ = {isa = PBXFileReference; lastKnownFileType = sourcecode.swift; path = LoginCoordinator.swift; sourceTree = "<group>"; };
		3B302E9C28CCCB8D00844468 /* Coordinator.swift */ = {isa = PBXFileReference; lastKnownFileType = sourcecode.swift; path = Coordinator.swift; sourceTree = "<group>"; };
		3B302E9E28CCCC5D00844468 /* UIViewController + Ext.swift */ = {isa = PBXFileReference; lastKnownFileType = sourcecode.swift; path = "UIViewController + Ext.swift"; sourceTree = "<group>"; };
		3B30432828D23A7C0067E301 /* Closures.swift */ = {isa = PBXFileReference; lastKnownFileType = sourcecode.swift; path = Closures.swift; sourceTree = "<group>"; };
		3B62407928E19B4F00D04529 /* ChatTableViewCell.swift */ = {isa = PBXFileReference; lastKnownFileType = sourcecode.swift; path = ChatTableViewCell.swift; sourceTree = "<group>"; };
		3B62407B28E19FEE00D04529 /* ChatsViewModel.swift */ = {isa = PBXFileReference; lastKnownFileType = sourcecode.swift; path = ChatsViewModel.swift; sourceTree = "<group>"; };
		3B62407D28E1D71D00D04529 /* ChatViewController.swift */ = {isa = PBXFileReference; lastKnownFileType = sourcecode.swift; path = ChatViewController.swift; sourceTree = "<group>"; };
		3B62408128E1E6E000D04529 /* NewChatViewController.swift */ = {isa = PBXFileReference; lastKnownFileType = sourcecode.swift; path = NewChatViewController.swift; sourceTree = "<group>"; };
		3B62408528E1EE8A00D04529 /* NewChatViewModel.swift */ = {isa = PBXFileReference; lastKnownFileType = sourcecode.swift; path = NewChatViewModel.swift; sourceTree = "<group>"; };
		3B62408728E1F16200D04529 /* NewChatCoordinator.swift */ = {isa = PBXFileReference; lastKnownFileType = sourcecode.swift; path = NewChatCoordinator.swift; sourceTree = "<group>"; };
		3B62408A28E20ED100D04529 /* UsersSearchResultsViewController.swift */ = {isa = PBXFileReference; lastKnownFileType = sourcecode.swift; path = UsersSearchResultsViewController.swift; sourceTree = "<group>"; };
		3B62408C28E20F2500D04529 /* UsersSearchResultsViewModel.swift */ = {isa = PBXFileReference; lastKnownFileType = sourcecode.swift; path = UsersSearchResultsViewModel.swift; sourceTree = "<group>"; };
		3B62408F28E2161E00D04529 /* UserTableViewCell.swift */ = {isa = PBXFileReference; lastKnownFileType = sourcecode.swift; path = UserTableViewCell.swift; sourceTree = "<group>"; };
		3B62409128E2172900D04529 /* UserTableViewCellViewModel.swift */ = {isa = PBXFileReference; lastKnownFileType = sourcecode.swift; path = UserTableViewCellViewModel.swift; sourceTree = "<group>"; };
		3B8D570028CE072B0004BDAD /* CMBaseController.swift */ = {isa = PBXFileReference; lastKnownFileType = sourcecode.swift; path = CMBaseController.swift; sourceTree = "<group>"; };
		3B8D570228CE07F90004BDAD /* UIView + Ext.swift */ = {isa = PBXFileReference; lastKnownFileType = sourcecode.swift; path = "UIView + Ext.swift"; sourceTree = "<group>"; };
		3B8D570528CE08F80004BDAD /* Resources.swift */ = {isa = PBXFileReference; lastKnownFileType = sourcecode.swift; path = Resources.swift; sourceTree = "<group>"; };
		3B8D570728CE28E60004BDAD /* AuthorizationField.swift */ = {isa = PBXFileReference; lastKnownFileType = sourcecode.swift; path = AuthorizationField.swift; sourceTree = "<group>"; };
		3B8D570928CE28FD0004BDAD /* CMBaseView.swift */ = {isa = PBXFileReference; lastKnownFileType = sourcecode.swift; path = CMBaseView.swift; sourceTree = "<group>"; };
		3B8D570C28CE29340004BDAD /* BaseViewSetup.swift */ = {isa = PBXFileReference; lastKnownFileType = sourcecode.swift; path = BaseViewSetup.swift; sourceTree = "<group>"; };
		3B8D571228CE4E210004BDAD /* LoginViewModel.swift */ = {isa = PBXFileReference; lastKnownFileType = sourcecode.swift; path = LoginViewModel.swift; sourceTree = "<group>"; };
		3B8D571428CE55BA0004BDAD /* UIStackView + Ext.swift */ = {isa = PBXFileReference; lastKnownFileType = sourcecode.swift; path = "UIStackView + Ext.swift"; sourceTree = "<group>"; };
		3B95952428DA186A006B44EC /* UserViewModel.swift */ = {isa = PBXFileReference; lastKnownFileType = sourcecode.swift; path = UserViewModel.swift; sourceTree = "<group>"; };
		3B95952628DA1965006B44EC /* ObservableObject.swift */ = {isa = PBXFileReference; lastKnownFileType = sourcecode.swift; path = ObservableObject.swift; sourceTree = "<group>"; };
		3B95952828DA2E24006B44EC /* UserInfoView.swift */ = {isa = PBXFileReference; lastKnownFileType = sourcecode.swift; path = UserInfoView.swift; sourceTree = "<group>"; };
		3BA62D0A28D17D6300741288 /* CMTabBarController.swift */ = {isa = PBXFileReference; lastKnownFileType = sourcecode.swift; path = CMTabBarController.swift; sourceTree = "<group>"; };
		3BA62D0C28D182E400741288 /* UIColor + Ext.swift */ = {isa = PBXFileReference; lastKnownFileType = sourcecode.swift; path = "UIColor + Ext.swift"; sourceTree = "<group>"; };
		3BA62D1028D183BF00741288 /* ChatsViewController.swift */ = {isa = PBXFileReference; lastKnownFileType = sourcecode.swift; path = ChatsViewController.swift; sourceTree = "<group>"; };
		3BA62D1328D1840500741288 /* UserViewController.swift */ = {isa = PBXFileReference; lastKnownFileType = sourcecode.swift; path = UserViewController.swift; sourceTree = "<group>"; };
		3BA77BEC28CF105E009F1366 /* LoginError.swift */ = {isa = PBXFileReference; lastKnownFileType = sourcecode.swift; path = LoginError.swift; sourceTree = "<group>"; };
		3BA77BEE28CF16CB009F1366 /* AssemblyBuilderImpl.swift */ = {isa = PBXFileReference; lastKnownFileType = sourcecode.swift; path = AssemblyBuilderImpl.swift; sourceTree = "<group>"; };
		3BAC64E228D3737D00A6BE77 /* AccountRegisterCoordinator.swift */ = {isa = PBXFileReference; lastKnownFileType = sourcecode.swift; path = AccountRegisterCoordinator.swift; sourceTree = "<group>"; };
		3BAC64E528D376F700A6BE77 /* AccountRegisterViewController.swift */ = {isa = PBXFileReference; lastKnownFileType = sourcecode.swift; path = AccountRegisterViewController.swift; sourceTree = "<group>"; };
		3BAC64E728D3772B00A6BE77 /* AccountRegisterViewModel.swift */ = {isa = PBXFileReference; lastKnownFileType = sourcecode.swift; path = AccountRegisterViewModel.swift; sourceTree = "<group>"; };
		3BAC64E928D3791E00A6BE77 /* ViewModelable.swift */ = {isa = PBXFileReference; lastKnownFileType = sourcecode.swift; path = ViewModelable.swift; sourceTree = "<group>"; };
		3BAC64EB28D384E900A6BE77 /* CMBaseNavigationController.swift */ = {isa = PBXFileReference; lastKnownFileType = sourcecode.swift; path = CMBaseNavigationController.swift; sourceTree = "<group>"; };
		3BAE880628E85994006C8A8E /* UserProfileModel.swift */ = {isa = PBXFileReference; lastKnownFileType = sourcecode.swift; path = UserProfileModel.swift; sourceTree = "<group>"; };
		3BB1554B28E840BE0061358E /* ChatViewModel.swift */ = {isa = PBXFileReference; lastKnownFileType = sourcecode.swift; path = ChatViewModel.swift; sourceTree = "<group>"; };
		3BB1554D28E844AE0061358E /* ChatsDatabaseManagerImpl.swift */ = {isa = PBXFileReference; lastKnownFileType = sourcecode.swift; path = ChatsDatabaseManagerImpl.swift; sourceTree = "<group>"; };
		3BB1554F28E844E10061358E /* ChatsDatabaseManager.swift */ = {isa = PBXFileReference; lastKnownFileType = sourcecode.swift; path = ChatsDatabaseManager.swift; sourceTree = "<group>"; };
		3BBD62C528E982BA00086E0E /* ChatManagerImpl.swift */ = {isa = PBXFileReference; lastKnownFileType = sourcecode.swift; path = ChatManagerImpl.swift; sourceTree = "<group>"; };
		3BBD62C728E982C500086E0E /* ChatManager.swift */ = {isa = PBXFileReference; lastKnownFileType = sourcecode.swift; path = ChatManager.swift; sourceTree = "<group>"; };
		3BBD62CA28E98FF600086E0E /* ChatCoordinator.swift */ = {isa = PBXFileReference; lastKnownFileType = sourcecode.swift; path = ChatCoordinator.swift; sourceTree = "<group>"; };
		3BC5469A28D99058002CCBBD /* DatabaseManagerImpl.swift */ = {isa = PBXFileReference; lastKnownFileType = sourcecode.swift; path = DatabaseManagerImpl.swift; sourceTree = "<group>"; };
		3BC5469C28D99094002CCBBD /* DatabaseManager.swift */ = {isa = PBXFileReference; lastKnownFileType = sourcecode.swift; path = DatabaseManager.swift; sourceTree = "<group>"; };
		3BC5469E28D99148002CCBBD /* DatabaseCollection.swift */ = {isa = PBXFileReference; lastKnownFileType = sourcecode.swift; path = DatabaseCollection.swift; sourceTree = "<group>"; };
		3BC546A328D99D79002CCBBD /* UsersDatabaseManagerImpl.swift */ = {isa = PBXFileReference; lastKnownFileType = sourcecode.swift; path = UsersDatabaseManagerImpl.swift; sourceTree = "<group>"; };
		3BC546A528D99DD3002CCBBD /* UsersDatabaseManager.swift */ = {isa = PBXFileReference; lastKnownFileType = sourcecode.swift; path = UsersDatabaseManager.swift; sourceTree = "<group>"; };
		3BD2B89828D5D621009CF754 /* CMTitleLabel.swift */ = {isa = PBXFileReference; lastKnownFileType = sourcecode.swift; path = CMTitleLabel.swift; sourceTree = "<group>"; };
		3BD2B89A28D5D6EC009CF754 /* CMInfoLabel.swift */ = {isa = PBXFileReference; lastKnownFileType = sourcecode.swift; path = CMInfoLabel.swift; sourceTree = "<group>"; };
		3BD2B89C28D5D7D1009CF754 /* LoginErrorLabel.swift */ = {isa = PBXFileReference; lastKnownFileType = sourcecode.swift; path = LoginErrorLabel.swift; sourceTree = "<group>"; };
		3BD2B89E28D5DABF009CF754 /* ProfileRegisterViewModel.swift */ = {isa = PBXFileReference; lastKnownFileType = sourcecode.swift; path = ProfileRegisterViewModel.swift; sourceTree = "<group>"; };
		3BD2B8A028D5DCA8009CF754 /* PiecemealUser.swift */ = {isa = PBXFileReference; lastKnownFileType = sourcecode.swift; path = PiecemealUser.swift; sourceTree = "<group>"; };
		3BE7E1E228D84966004AB284 /* String + Ext.swift */ = {isa = PBXFileReference; lastKnownFileType = sourcecode.swift; path = "String + Ext.swift"; sourceTree = "<group>"; };
		3BE7E1E428D85685004AB284 /* ActiveStatus.swift */ = {isa = PBXFileReference; lastKnownFileType = sourcecode.swift; path = ActiveStatus.swift; sourceTree = "<group>"; };
		3BF6BB0D28EA28EF0081B158 /* UserDefaults + Ext.swift */ = {isa = PBXFileReference; lastKnownFileType = sourcecode.swift; path = "UserDefaults + Ext.swift"; sourceTree = "<group>"; };
		3BF6BB0F28EA35820081B158 /* UIImage + Ext.swift */ = {isa = PBXFileReference; lastKnownFileType = sourcecode.swift; path = "UIImage + Ext.swift"; sourceTree = "<group>"; };
		3BFDF5C428D1AA3D00A452F5 /* CMCoordinator.swift */ = {isa = PBXFileReference; lastKnownFileType = sourcecode.swift; path = CMCoordinator.swift; sourceTree = "<group>"; };
		3BFDF5C628D1B80C00A452F5 /* ChatsCoordinator.swift */ = {isa = PBXFileReference; lastKnownFileType = sourcecode.swift; path = ChatsCoordinator.swift; sourceTree = "<group>"; };
		3BFDF5C828D1B96F00A452F5 /* UserCoordinator.swift */ = {isa = PBXFileReference; lastKnownFileType = sourcecode.swift; path = UserCoordinator.swift; sourceTree = "<group>"; };
		64C4F0F9062FA07783B4E133 /* Pods-ChatMe-MessengerApp.release.xcconfig */ = {isa = PBXFileReference; includeInIndex = 1; lastKnownFileType = text.xcconfig; name = "Pods-ChatMe-MessengerApp.release.xcconfig"; path = "Target Support Files/Pods-ChatMe-MessengerApp/Pods-ChatMe-MessengerApp.release.xcconfig"; sourceTree = "<group>"; };
		FEF00C9B08AE9D2CC2B3D2B0 /* Pods_ChatMe_MessengerApp.framework */ = {isa = PBXFileReference; explicitFileType = wrapper.framework; includeInIndex = 0; path = Pods_ChatMe_MessengerApp.framework; sourceTree = BUILT_PRODUCTS_DIR; };
/* End PBXFileReference section */

/* Begin PBXFrameworksBuildPhase section */
		3B302E3828CC8CE700844468 /* Frameworks */ = {
			isa = PBXFrameworksBuildPhase;
			buildActionMask = 2147483647;
			files = (
				2269760BAE4612187F18CAE6 /* Pods_ChatMe_MessengerApp.framework in Frameworks */,
			);
			runOnlyForDeploymentPostprocessing = 0;
		};
/* End PBXFrameworksBuildPhase section */

/* Begin PBXGroup section */
		10885B27309893BFDB3213A8 /* Pods */ = {
			isa = PBXGroup;
			children = (
				1F8DCCA6C800E34EB4D66768 /* Pods-ChatMe-MessengerApp.debug.xcconfig */,
				64C4F0F9062FA07783B4E133 /* Pods-ChatMe-MessengerApp.release.xcconfig */,
			);
			path = Pods;
			sourceTree = "<group>";
		};
		3B02C85528D6E70C0080F1C0 /* Main */ = {
			isa = PBXGroup;
			children = (
				3BFDF5C428D1AA3D00A452F5 /* CMCoordinator.swift */,
				3B62409528E23D5700D04529 /* Chats */,
				3B62409628E23D5F00D04529 /* User */,
			);
			path = Main;
			sourceTree = "<group>";
		};
		3B1330F828D47FDC006C078F /* Services */ = {
			isa = PBXGroup;
			children = (
				3B02C85628D6E7950080F1C0 /* AuthServiceImpl.swift */,
				3BC5469A28D99058002CCBBD /* DatabaseManagerImpl.swift */,
				3BC546A328D99D79002CCBBD /* UsersDatabaseManagerImpl.swift */,
				3BB1554D28E844AE0061358E /* ChatsDatabaseManagerImpl.swift */,
				3BBD62C528E982BA00086E0E /* ChatManagerImpl.swift */,
			);
			path = Services;
			sourceTree = "<group>";
		};
		3B1F740728D496F500E4705A /* Authorization */ = {
			isa = PBXGroup;
			children = (
				3B302E9A28CCC1A100844468 /* LoginCoordinator.swift */,
				3B1F740828D4973100E4705A /* Register */,
			);
			path = Authorization;
			sourceTree = "<group>";
		};
		3B1F740828D4973100E4705A /* Register */ = {
			isa = PBXGroup;
			children = (
				3BAC64E228D3737D00A6BE77 /* AccountRegisterCoordinator.swift */,
				3B1F740B28D49A3400E4705A /* ProfileRegisterCoordinator.swift */,
			);
			path = Register;
			sourceTree = "<group>";
		};
		3B1F740D28D49B1800E4705A /* AccountRegister */ = {
			isa = PBXGroup;
			children = (
				3BAC64E528D376F700A6BE77 /* AccountRegisterViewController.swift */,
				3BAC64E728D3772B00A6BE77 /* AccountRegisterViewModel.swift */,
			);
			path = AccountRegister;
			sourceTree = "<group>";
		};
		3B1F740E28D49B2100E4705A /* ProfileRegister */ = {
			isa = PBXGroup;
			children = (
				3B1F740F28D49B3800E4705A /* ProfileRegisterViewController.swift */,
				3BD2B89E28D5DABF009CF754 /* ProfileRegisterViewModel.swift */,
			);
			path = ProfileRegister;
			sourceTree = "<group>";
		};
		3B302E3228CC8CE700844468 = {
			isa = PBXGroup;
			children = (
				3B302E3D28CC8CE700844468 /* ChatMe-MessengerApp */,
				3B302E3C28CC8CE700844468 /* Products */,
				10885B27309893BFDB3213A8 /* Pods */,
				EFDA1FF4AB462952AA20982C /* Frameworks */,
			);
			sourceTree = "<group>";
		};
		3B302E3C28CC8CE700844468 /* Products */ = {
			isa = PBXGroup;
			children = (
				3B302E3B28CC8CE700844468 /* ChatMe-MessengerApp.app */,
			);
			name = Products;
			sourceTree = "<group>";
		};
		3B302E3D28CC8CE700844468 /* ChatMe-MessengerApp */ = {
			isa = PBXGroup;
			children = (
				3B302E7228CCA8D800844468 /* Application */,
				3B302E7628CCA98C00844468 /* Supporting */,
				3B02C85128D6DD030080F1C0 /* GoogleService-Info.plist */,
			);
			path = "ChatMe-MessengerApp";
			sourceTree = "<group>";
		};
		3B302E7228CCA8D800844468 /* Application */ = {
			isa = PBXGroup;
			children = (
				3BA77BEB28CF1046009F1366 /* Enums */,
				3B302E8028CCAAB300844468 /* CoreEntities */,
				3B302E7B28CCAA2D00844468 /* Helpers */,
				3B302E7528CCA97B00844468 /* Models */,
				3B302E7428CCA96D00844468 /* UI */,
				3B302E7328CCA96100844468 /* AppFiles */,
			);
			path = Application;
			sourceTree = "<group>";
		};
		3B302E7328CCA96100844468 /* AppFiles */ = {
			isa = PBXGroup;
			children = (
				3B302E3E28CC8CE700844468 /* AppDelegate.swift */,
				3B302E4028CC8CE700844468 /* SceneDelegate.swift */,
			);
			path = AppFiles;
			sourceTree = "<group>";
		};
		3B302E7428CCA96D00844468 /* UI */ = {
			isa = PBXGroup;
			children = (
				3B8D56FF28CE06780004BDAD /* Controllers */,
				3B302E7A28CCA9E500844468 /* Views */,
				3B302E7928CCA9C700844468 /* Coordinators */,
				3B302E7828CCA9B600844468 /* Modules */,
			);
			path = UI;
			sourceTree = "<group>";
		};
		3B302E7528CCA97B00844468 /* Models */ = {
			isa = PBXGroup;
			children = (
				3BD2B8A028D5DCA8009CF754 /* PiecemealUser.swift */,
				3BAE880628E85994006C8A8E /* UserProfileModel.swift */,
			);
			path = Models;
			sourceTree = "<group>";
		};
		3B302E7628CCA98C00844468 /* Supporting */ = {
			isa = PBXGroup;
			children = (
				3B302E7728CCA9A800844468 /* Resources */,
				3B302E4C28CC8CE800844468 /* Info.plist */,
			);
			path = Supporting;
			sourceTree = "<group>";
		};
		3B302E7728CCA9A800844468 /* Resources */ = {
			isa = PBXGroup;
			children = (
				3B302E4728CC8CE800844468 /* Assets.xcassets */,
				3B302E4928CC8CE800844468 /* LaunchScreen.storyboard */,
				3B8D570528CE08F80004BDAD /* Resources.swift */,
			);
			path = Resources;
			sourceTree = "<group>";
		};
		3B302E7828CCA9B600844468 /* Modules */ = {
			isa = PBXGroup;
			children = (
				3B302E9728CCBEDE00844468 /* Login */,
				3BAC64E428D376BD00A6BE77 /* SignUp */,
				3BA62D0928D17D2100741288 /* Chats */,
				3BA62D1228D183F000741288 /* User */,
			);
			path = Modules;
			sourceTree = "<group>";
		};
		3B302E7928CCA9C700844468 /* Coordinators */ = {
			isa = PBXGroup;
			children = (
				3B302E8E28CCB5FF00844468 /* ApplicationCoordinator.swift */,
				3B1F740728D496F500E4705A /* Authorization */,
				3B02C85528D6E70C0080F1C0 /* Main */,
			);
			path = Coordinators;
			sourceTree = "<group>";
		};
		3B302E7A28CCA9E500844468 /* Views */ = {
			isa = PBXGroup;
			children = (
				3B8D570B28CE29000004BDAD /* Base */,
				3BD2B89C28D5D7D1009CF754 /* LoginErrorLabel.swift */,
				3B8D570728CE28E60004BDAD /* AuthorizationField.swift */,
				3B1F741128D4B70000E4705A /* ProfileImageView.swift */,
				3B95952828DA2E24006B44EC /* UserInfoView.swift */,
				3B62407928E19B4F00D04529 /* ChatTableViewCell.swift */,
				3B62408E28E215F100D04529 /* UserTableVieCell */,
			);
			path = Views;
			sourceTree = "<group>";
		};
		3B302E7B28CCAA2D00844468 /* Helpers */ = {
			isa = PBXGroup;
			children = (
				3B1330F828D47FDC006C078F /* Services */,
				3B30432728D23A6C0067E301 /* Typealiases */,
				3B302E7D28CCAA4300844468 /* Protocols */,
				3B302E7C28CCAA3400844468 /* Extensions */,
				3B95952628DA1965006B44EC /* ObservableObject.swift */,
			);
			path = Helpers;
			sourceTree = "<group>";
		};
		3B302E7C28CCAA3400844468 /* Extensions */ = {
			isa = PBXGroup;
			children = (
				3B8D570428CE07FC0004BDAD /* UIKit */,
				3BE7E1E228D84966004AB284 /* String + Ext.swift */,
				3BF6BB0D28EA28EF0081B158 /* UserDefaults + Ext.swift */,
			);
			path = Extensions;
			sourceTree = "<group>";
		};
		3B302E7D28CCAA4300844468 /* Protocols */ = {
			isa = PBXGroup;
			children = (
				3B302E8528CCAFE300844468 /* Core */,
				3BBD62C928E982D500086E0E /* Services */,
				3B8D570C28CE29340004BDAD /* BaseViewSetup.swift */,
				3BAC64E928D3791E00A6BE77 /* ViewModelable.swift */,
				3B02C85A28D6EDB80080F1C0 /* AuthErrorPresenter.swift */,
				3B02C85C28D6F6B80080F1C0 /* AlertPresenter.swift */,
			);
			path = Protocols;
			sourceTree = "<group>";
		};
		3B302E8028CCAAB300844468 /* CoreEntities */ = {
			isa = PBXGroup;
			children = (
				3B302E7E28CCAA8600844468 /* DI.swift */,
				3B302E8A28CCB13200844468 /* RouterImpl.swift */,
				3B302E8328CCAB4200844468 /* BaseCoordinator.swift */,
				3B302E8C28CCB5CA00844468 /* CoordinatorFactoryImpl.swift */,
				3BA77BEE28CF16CB009F1366 /* AssemblyBuilderImpl.swift */,
			);
			path = CoreEntities;
			sourceTree = "<group>";
		};
		3B302E8528CCAFE300844468 /* Core */ = {
			isa = PBXGroup;
			children = (
				3B302E8128CCAAF600844468 /* AppFactory.swift */,
				3B302E8628CCAFF300844468 /* CoordinatorFactory.swift */,
				3B302E8828CCB03100844468 /* Router.swift */,
				3B302E9028CCB64500844468 /* AssemblyBuilder.swift */,
				3B302E9C28CCCB8D00844468 /* Coordinator.swift */,
			);
			path = Core;
			sourceTree = "<group>";
		};
		3B302E9728CCBEDE00844468 /* Login */ = {
			isa = PBXGroup;
			children = (
				3B302E4228CC8CE700844468 /* LoginViewController.swift */,
				3B8D571228CE4E210004BDAD /* LoginViewModel.swift */,
			);
			path = Login;
			sourceTree = "<group>";
		};
		3B30432728D23A6C0067E301 /* Typealiases */ = {
			isa = PBXGroup;
			children = (
				3B30432828D23A7C0067E301 /* Closures.swift */,
			);
			path = Typealiases;
			sourceTree = "<group>";
		};
		3B62407F28E1D7E300D04529 /* Chat */ = {
			isa = PBXGroup;
			children = (
				3B62407D28E1D71D00D04529 /* ChatViewController.swift */,
				3BB1554B28E840BE0061358E /* ChatViewModel.swift */,
			);
			path = Chat;
			sourceTree = "<group>";
		};
		3B62408028E1E35000D04529 /* NewChat */ = {
			isa = PBXGroup;
			children = (
				3B62408928E20EA900D04529 /* UsersSearchResults */,
				3B62408128E1E6E000D04529 /* NewChatViewController.swift */,
				3B62408528E1EE8A00D04529 /* NewChatViewModel.swift */,
			);
			path = NewChat;
			sourceTree = "<group>";
		};
		3B62408928E20EA900D04529 /* UsersSearchResults */ = {
			isa = PBXGroup;
			children = (
				3B62408A28E20ED100D04529 /* UsersSearchResultsViewController.swift */,
				3B62408C28E20F2500D04529 /* UsersSearchResultsViewModel.swift */,
			);
			path = UsersSearchResults;
			sourceTree = "<group>";
		};
		3B62408E28E215F100D04529 /* UserTableVieCell */ = {
			isa = PBXGroup;
			children = (
				3B62408F28E2161E00D04529 /* UserTableViewCell.swift */,
				3B62409128E2172900D04529 /* UserTableViewCellViewModel.swift */,
			);
			path = UserTableVieCell;
			sourceTree = "<group>";
		};
		3B62409528E23D5700D04529 /* Chats */ = {
			isa = PBXGroup;
			children = (
				3BFDF5C628D1B80C00A452F5 /* ChatsCoordinator.swift */,
				3B62408728E1F16200D04529 /* NewChatCoordinator.swift */,
				3BBD62CA28E98FF600086E0E /* ChatCoordinator.swift */,
			);
			path = Chats;
			sourceTree = "<group>";
		};
		3B62409628E23D5F00D04529 /* User */ = {
			isa = PBXGroup;
			children = (
				3BFDF5C828D1B96F00A452F5 /* UserCoordinator.swift */,
			);
			path = User;
			sourceTree = "<group>";
		};
		3B8D56FF28CE06780004BDAD /* Controllers */ = {
			isa = PBXGroup;
			children = (
				3BA62D0A28D17D6300741288 /* CMTabBarController.swift */,
				3B8D570028CE072B0004BDAD /* CMBaseController.swift */,
				3BAC64EB28D384E900A6BE77 /* CMBaseNavigationController.swift */,
			);
			path = Controllers;
			sourceTree = "<group>";
		};
		3B8D570428CE07FC0004BDAD /* UIKit */ = {
			isa = PBXGroup;
			children = (
				3B302E9E28CCCC5D00844468 /* UIViewController + Ext.swift */,
				3B8D570228CE07F90004BDAD /* UIView + Ext.swift */,
				3B8D571428CE55BA0004BDAD /* UIStackView + Ext.swift */,
				3BA62D0C28D182E400741288 /* UIColor + Ext.swift */,
				3B1330F628D4772F006C078F /* UIButton + Ext.swift */,
				3BF6BB0F28EA35820081B158 /* UIImage + Ext.swift */,
			);
			path = UIKit;
			sourceTree = "<group>";
		};
		3B8D570B28CE29000004BDAD /* Base */ = {
			isa = PBXGroup;
			children = (
				3B8D570928CE28FD0004BDAD /* CMBaseView.swift */,
				3B1330F428D475A3006C078F /* CMRoundedRectButton.swift */,
				3BD2B89828D5D621009CF754 /* CMTitleLabel.swift */,
				3BD2B89A28D5D6EC009CF754 /* CMInfoLabel.swift */,
			);
			path = Base;
			sourceTree = "<group>";
		};
		3BA62D0928D17D2100741288 /* Chats */ = {
			isa = PBXGroup;
			children = (
				3B62408028E1E35000D04529 /* NewChat */,
				3B62407F28E1D7E300D04529 /* Chat */,
				3BA62D1028D183BF00741288 /* ChatsViewController.swift */,
				3B62407B28E19FEE00D04529 /* ChatsViewModel.swift */,
			);
			path = Chats;
			sourceTree = "<group>";
		};
		3BA62D1228D183F000741288 /* User */ = {
			isa = PBXGroup;
			children = (
				3BA62D1328D1840500741288 /* UserViewController.swift */,
				3B95952428DA186A006B44EC /* UserViewModel.swift */,
			);
			path = User;
			sourceTree = "<group>";
		};
		3BA77BEB28CF1046009F1366 /* Enums */ = {
			isa = PBXGroup;
			children = (
				3BA77BEC28CF105E009F1366 /* LoginError.swift */,
				3B02C85828D6E8130080F1C0 /* AuthError.swift */,
				3BE7E1E428D85685004AB284 /* ActiveStatus.swift */,
				3BC5469E28D99148002CCBBD /* DatabaseCollection.swift */,
			);
			path = Enums;
			sourceTree = "<group>";
		};
		3BAC64E428D376BD00A6BE77 /* SignUp */ = {
			isa = PBXGroup;
			children = (
				3B1F740D28D49B1800E4705A /* AccountRegister */,
				3B1F740E28D49B2100E4705A /* ProfileRegister */,
			);
			path = SignUp;
			sourceTree = "<group>";
		};
		3BBD62C928E982D500086E0E /* Services */ = {
			isa = PBXGroup;
			children = (
				3B02C85328D6E5DD0080F1C0 /* AuthService.swift */,
				3BC5469C28D99094002CCBBD /* DatabaseManager.swift */,
				3BC546A528D99DD3002CCBBD /* UsersDatabaseManager.swift */,
				3BB1554F28E844E10061358E /* ChatsDatabaseManager.swift */,
				3BBD62C728E982C500086E0E /* ChatManager.swift */,
			);
			path = Services;
			sourceTree = "<group>";
		};
		EFDA1FF4AB462952AA20982C /* Frameworks */ = {
			isa = PBXGroup;
			children = (
				FEF00C9B08AE9D2CC2B3D2B0 /* Pods_ChatMe_MessengerApp.framework */,
			);
			name = Frameworks;
			sourceTree = "<group>";
		};
/* End PBXGroup section */

/* Begin PBXNativeTarget section */
		3B302E3A28CC8CE700844468 /* ChatMe-MessengerApp */ = {
			isa = PBXNativeTarget;
			buildConfigurationList = 3B302E4F28CC8CE800844468 /* Build configuration list for PBXNativeTarget "ChatMe-MessengerApp" */;
			buildPhases = (
				ED12DC427D0D725920C08713 /* [CP] Check Pods Manifest.lock */,
				3B302E3728CC8CE700844468 /* Sources */,
				3B302E3828CC8CE700844468 /* Frameworks */,
				3B302E3928CC8CE700844468 /* Resources */,
				D721E13AB4AB4BC90920ABA3 /* [CP] Embed Pods Frameworks */,
			);
			buildRules = (
			);
			dependencies = (
			);
			name = "ChatMe-MessengerApp";
			productName = "ChatMe-MessengerApp";
			productReference = 3B302E3B28CC8CE700844468 /* ChatMe-MessengerApp.app */;
			productType = "com.apple.product-type.application";
		};
/* End PBXNativeTarget section */

/* Begin PBXProject section */
		3B302E3328CC8CE700844468 /* Project object */ = {
			isa = PBXProject;
			attributes = {
				BuildIndependentTargetsInParallel = 1;
				LastSwiftUpdateCheck = 1340;
				LastUpgradeCheck = 1340;
				TargetAttributes = {
					3B302E3A28CC8CE700844468 = {
						CreatedOnToolsVersion = 13.4.1;
					};
				};
			};
			buildConfigurationList = 3B302E3628CC8CE700844468 /* Build configuration list for PBXProject "ChatMe-MessengerApp" */;
			compatibilityVersion = "Xcode 13.0";
			developmentRegion = en;
			hasScannedForEncodings = 0;
			knownRegions = (
				en,
				Base,
			);
			mainGroup = 3B302E3228CC8CE700844468;
			productRefGroup = 3B302E3C28CC8CE700844468 /* Products */;
			projectDirPath = "";
			projectRoot = "";
			targets = (
				3B302E3A28CC8CE700844468 /* ChatMe-MessengerApp */,
			);
		};
/* End PBXProject section */

/* Begin PBXResourcesBuildPhase section */
		3B302E3928CC8CE700844468 /* Resources */ = {
			isa = PBXResourcesBuildPhase;
			buildActionMask = 2147483647;
			files = (
				3B302E4B28CC8CE800844468 /* LaunchScreen.storyboard in Resources */,
				3B302E4828CC8CE800844468 /* Assets.xcassets in Resources */,
				3B02C85228D6DD040080F1C0 /* GoogleService-Info.plist in Resources */,
			);
			runOnlyForDeploymentPostprocessing = 0;
		};
/* End PBXResourcesBuildPhase section */

/* Begin PBXShellScriptBuildPhase section */
		D721E13AB4AB4BC90920ABA3 /* [CP] Embed Pods Frameworks */ = {
			isa = PBXShellScriptBuildPhase;
			buildActionMask = 2147483647;
			files = (
			);
			inputFileListPaths = (
				"${PODS_ROOT}/Target Support Files/Pods-ChatMe-MessengerApp/Pods-ChatMe-MessengerApp-frameworks-${CONFIGURATION}-input-files.xcfilelist",
			);
			name = "[CP] Embed Pods Frameworks";
			outputFileListPaths = (
				"${PODS_ROOT}/Target Support Files/Pods-ChatMe-MessengerApp/Pods-ChatMe-MessengerApp-frameworks-${CONFIGURATION}-output-files.xcfilelist",
			);
			runOnlyForDeploymentPostprocessing = 0;
			shellPath = /bin/sh;
			shellScript = "\"${PODS_ROOT}/Target Support Files/Pods-ChatMe-MessengerApp/Pods-ChatMe-MessengerApp-frameworks.sh\"\n";
			showEnvVarsInLog = 0;
		};
		ED12DC427D0D725920C08713 /* [CP] Check Pods Manifest.lock */ = {
			isa = PBXShellScriptBuildPhase;
			buildActionMask = 2147483647;
			files = (
			);
			inputFileListPaths = (
			);
			inputPaths = (
				"${PODS_PODFILE_DIR_PATH}/Podfile.lock",
				"${PODS_ROOT}/Manifest.lock",
			);
			name = "[CP] Check Pods Manifest.lock";
			outputFileListPaths = (
			);
			outputPaths = (
				"$(DERIVED_FILE_DIR)/Pods-ChatMe-MessengerApp-checkManifestLockResult.txt",
			);
			runOnlyForDeploymentPostprocessing = 0;
			shellPath = /bin/sh;
			shellScript = "diff \"${PODS_PODFILE_DIR_PATH}/Podfile.lock\" \"${PODS_ROOT}/Manifest.lock\" > /dev/null\nif [ $? != 0 ] ; then\n    # print error to STDERR\n    echo \"error: The sandbox is not in sync with the Podfile.lock. Run 'pod install' or update your CocoaPods installation.\" >&2\n    exit 1\nfi\n# This output is used by Xcode 'outputs' to avoid re-running this script phase.\necho \"SUCCESS\" > \"${SCRIPT_OUTPUT_FILE_0}\"\n";
			showEnvVarsInLog = 0;
		};
/* End PBXShellScriptBuildPhase section */

/* Begin PBXSourcesBuildPhase section */
		3B302E3728CC8CE700844468 /* Sources */ = {
			isa = PBXSourcesBuildPhase;
			buildActionMask = 2147483647;
			files = (
				3BFDF5C728D1B80C00A452F5 /* ChatsCoordinator.swift in Sources */,
				3B302E9D28CCCB8D00844468 /* Coordinator.swift in Sources */,
				3BD2B89B28D5D6EC009CF754 /* CMInfoLabel.swift in Sources */,
				3B302E8928CCB03100844468 /* Router.swift in Sources */,
				3BFDF5C528D1AA3D00A452F5 /* CMCoordinator.swift in Sources */,
				3B62408228E1E6E000D04529 /* NewChatViewController.swift in Sources */,
				3BAC64E828D3772B00A6BE77 /* AccountRegisterViewModel.swift in Sources */,
				3B1F741028D49B3800E4705A /* ProfileRegisterViewController.swift in Sources */,
				3BA77BED28CF105E009F1366 /* LoginError.swift in Sources */,
				3B62409228E2172900D04529 /* UserTableViewCellViewModel.swift in Sources */,
				3B8D570328CE07F90004BDAD /* UIView + Ext.swift in Sources */,
				3BBD62C628E982BA00086E0E /* ChatManagerImpl.swift in Sources */,
				3BE7E1E528D85685004AB284 /* ActiveStatus.swift in Sources */,
				3B302E8728CCAFF300844468 /* CoordinatorFactory.swift in Sources */,
				3BB1554C28E840BE0061358E /* ChatViewModel.swift in Sources */,
				3BAC64EC28D384E900A6BE77 /* CMBaseNavigationController.swift in Sources */,
				3B8D571328CE4E210004BDAD /* LoginViewModel.swift in Sources */,
				3BBD62CB28E98FF600086E0E /* ChatCoordinator.swift in Sources */,
				3B02C85B28D6EDB80080F1C0 /* AuthErrorPresenter.swift in Sources */,
				3BC5469D28D99094002CCBBD /* DatabaseManager.swift in Sources */,
				3BC546A628D99DD3002CCBBD /* UsersDatabaseManager.swift in Sources */,
				3BAC64E628D376F700A6BE77 /* AccountRegisterViewController.swift in Sources */,
				3BD2B89F28D5DABF009CF754 /* ProfileRegisterViewModel.swift in Sources */,
				3B302E8B28CCB13200844468 /* RouterImpl.swift in Sources */,
				3B1F741228D4B70000E4705A /* ProfileImageView.swift in Sources */,
				3BFDF5C928D1B96F00A452F5 /* UserCoordinator.swift in Sources */,
				3BA77BEF28CF16CB009F1366 /* AssemblyBuilderImpl.swift in Sources */,
				3B1330F528D475A3006C078F /* CMRoundedRectButton.swift in Sources */,
				3B95952528DA186A006B44EC /* UserViewModel.swift in Sources */,
				3B1F740C28D49A3400E4705A /* ProfileRegisterCoordinator.swift in Sources */,
				3BB1554E28E844AE0061358E /* ChatsDatabaseManagerImpl.swift in Sources */,
				3BD2B8A128D5DCA8009CF754 /* PiecemealUser.swift in Sources */,
				3BA62D0B28D17D6300741288 /* CMTabBarController.swift in Sources */,
				3B62409028E2161E00D04529 /* UserTableViewCell.swift in Sources */,
				3B302E9128CCB64500844468 /* AssemblyBuilder.swift in Sources */,
				3B8D570828CE28E60004BDAD /* AuthorizationField.swift in Sources */,
				3BA62D1428D1840500741288 /* UserViewController.swift in Sources */,
				3B1330F728D4772F006C078F /* UIButton + Ext.swift in Sources */,
				3B8D570A28CE28FD0004BDAD /* CMBaseView.swift in Sources */,
				3BF6BB0E28EA28EF0081B158 /* UserDefaults + Ext.swift in Sources */,
				3B302E9B28CCC1A100844468 /* LoginCoordinator.swift in Sources */,
				3B302E7F28CCAA8600844468 /* DI.swift in Sources */,
				3BA62D0D28D182E400741288 /* UIColor + Ext.swift in Sources */,
				3B302E4328CC8CE700844468 /* LoginViewController.swift in Sources */,
				3BB1555028E844E10061358E /* ChatsDatabaseManager.swift in Sources */,
				3B95952928DA2E24006B44EC /* UserInfoView.swift in Sources */,
				3BD2B89D28D5D7D1009CF754 /* LoginErrorLabel.swift in Sources */,
				3B8D570128CE072B0004BDAD /* CMBaseController.swift in Sources */,
				3B02C85928D6E8130080F1C0 /* AuthError.swift in Sources */,
				3BAC64EA28D3791E00A6BE77 /* ViewModelable.swift in Sources */,
				3BE7E1E328D84966004AB284 /* String + Ext.swift in Sources */,
				3BF6BB1028EA35820081B158 /* UIImage + Ext.swift in Sources */,
				3B62408628E1EE8A00D04529 /* NewChatViewModel.swift in Sources */,
				3B8D570D28CE29340004BDAD /* BaseViewSetup.swift in Sources */,
				3B02C85D28D6F6B80080F1C0 /* AlertPresenter.swift in Sources */,
				3BD2B89928D5D621009CF754 /* CMTitleLabel.swift in Sources */,
				3B302E8D28CCB5CA00844468 /* CoordinatorFactoryImpl.swift in Sources */,
				3B62407E28E1D71D00D04529 /* ChatViewController.swift in Sources */,
				3BBD62C828E982C500086E0E /* ChatManager.swift in Sources */,
				3B02C85728D6E7950080F1C0 /* AuthServiceImpl.swift in Sources */,
				3BAC64E328D3737D00A6BE77 /* AccountRegisterCoordinator.swift in Sources */,
				3B8D570628CE08F80004BDAD /* Resources.swift in Sources */,
				3BC546A428D99D79002CCBBD /* UsersDatabaseManagerImpl.swift in Sources */,
				3B95952728DA1965006B44EC /* ObservableObject.swift in Sources */,
				3B302E8428CCAB4200844468 /* BaseCoordinator.swift in Sources */,
				3B302E3F28CC8CE700844468 /* AppDelegate.swift in Sources */,
				3B62408D28E20F2500D04529 /* UsersSearchResultsViewModel.swift in Sources */,
				3B62407A28E19B4F00D04529 /* ChatTableViewCell.swift in Sources */,
				3B302E4128CC8CE700844468 /* SceneDelegate.swift in Sources */,
				3B62407C28E19FEE00D04529 /* ChatsViewModel.swift in Sources */,
				3BC5469B28D99058002CCBBD /* DatabaseManagerImpl.swift in Sources */,
				3B302E9F28CCCC5D00844468 /* UIViewController + Ext.swift in Sources */,
				3B62408828E1F16200D04529 /* NewChatCoordinator.swift in Sources */,
				3B62408B28E20ED100D04529 /* UsersSearchResultsViewController.swift in Sources */,
				3BAE880728E85994006C8A8E /* UserProfileModel.swift in Sources */,
				3B8D571528CE55BA0004BDAD /* UIStackView + Ext.swift in Sources */,
				3B302E8228CCAAF600844468 /* AppFactory.swift in Sources */,
				3B30432928D23A7C0067E301 /* Closures.swift in Sources */,
				3BC5469F28D99148002CCBBD /* DatabaseCollection.swift in Sources */,
				3B302E8F28CCB5FF00844468 /* ApplicationCoordinator.swift in Sources */,
				3BA62D1128D183BF00741288 /* ChatsViewController.swift in Sources */,
				3B02C85428D6E5DD0080F1C0 /* AuthService.swift in Sources */,
			);
			runOnlyForDeploymentPostprocessing = 0;
		};
/* End PBXSourcesBuildPhase section */

/* Begin PBXVariantGroup section */
		3B302E4928CC8CE800844468 /* LaunchScreen.storyboard */ = {
			isa = PBXVariantGroup;
			children = (
				3B302E4A28CC8CE800844468 /* Base */,
			);
			name = LaunchScreen.storyboard;
			sourceTree = "<group>";
		};
/* End PBXVariantGroup section */

/* Begin XCBuildConfiguration section */
		3B302E4D28CC8CE800844468 /* Debug */ = {
			isa = XCBuildConfiguration;
			buildSettings = {
				ALWAYS_SEARCH_USER_PATHS = NO;
				CLANG_ANALYZER_NONNULL = YES;
				CLANG_ANALYZER_NUMBER_OBJECT_CONVERSION = YES_AGGRESSIVE;
				CLANG_CXX_LANGUAGE_STANDARD = "gnu++17";
				CLANG_ENABLE_MODULES = YES;
				CLANG_ENABLE_OBJC_ARC = YES;
				CLANG_ENABLE_OBJC_WEAK = YES;
				CLANG_WARN_BLOCK_CAPTURE_AUTORELEASING = YES;
				CLANG_WARN_BOOL_CONVERSION = YES;
				CLANG_WARN_COMMA = YES;
				CLANG_WARN_CONSTANT_CONVERSION = YES;
				CLANG_WARN_DEPRECATED_OBJC_IMPLEMENTATIONS = YES;
				CLANG_WARN_DIRECT_OBJC_ISA_USAGE = YES_ERROR;
				CLANG_WARN_DOCUMENTATION_COMMENTS = YES;
				CLANG_WARN_EMPTY_BODY = YES;
				CLANG_WARN_ENUM_CONVERSION = YES;
				CLANG_WARN_INFINITE_RECURSION = YES;
				CLANG_WARN_INT_CONVERSION = YES;
				CLANG_WARN_NON_LITERAL_NULL_CONVERSION = YES;
				CLANG_WARN_OBJC_IMPLICIT_RETAIN_SELF = YES;
				CLANG_WARN_OBJC_LITERAL_CONVERSION = YES;
				CLANG_WARN_OBJC_ROOT_CLASS = YES_ERROR;
				CLANG_WARN_QUOTED_INCLUDE_IN_FRAMEWORK_HEADER = YES;
				CLANG_WARN_RANGE_LOOP_ANALYSIS = YES;
				CLANG_WARN_STRICT_PROTOTYPES = YES;
				CLANG_WARN_SUSPICIOUS_MOVE = YES;
				CLANG_WARN_UNGUARDED_AVAILABILITY = YES_AGGRESSIVE;
				CLANG_WARN_UNREACHABLE_CODE = YES;
				CLANG_WARN__DUPLICATE_METHOD_MATCH = YES;
				COPY_PHASE_STRIP = NO;
				DEBUG_INFORMATION_FORMAT = dwarf;
				ENABLE_STRICT_OBJC_MSGSEND = YES;
				ENABLE_TESTABILITY = YES;
				GCC_C_LANGUAGE_STANDARD = gnu11;
				GCC_DYNAMIC_NO_PIC = NO;
				GCC_NO_COMMON_BLOCKS = YES;
				GCC_OPTIMIZATION_LEVEL = 0;
				GCC_PREPROCESSOR_DEFINITIONS = (
					"DEBUG=1",
					"$(inherited)",
				);
				GCC_WARN_64_TO_32_BIT_CONVERSION = YES;
				GCC_WARN_ABOUT_RETURN_TYPE = YES_ERROR;
				GCC_WARN_UNDECLARED_SELECTOR = YES;
				GCC_WARN_UNINITIALIZED_AUTOS = YES_AGGRESSIVE;
				GCC_WARN_UNUSED_FUNCTION = YES;
				GCC_WARN_UNUSED_VARIABLE = YES;
				IPHONEOS_DEPLOYMENT_TARGET = 15.5;
				MTL_ENABLE_DEBUG_INFO = INCLUDE_SOURCE;
				MTL_FAST_MATH = YES;
				ONLY_ACTIVE_ARCH = YES;
				SDKROOT = iphoneos;
				SWIFT_ACTIVE_COMPILATION_CONDITIONS = DEBUG;
				SWIFT_OPTIMIZATION_LEVEL = "-Onone";
			};
			name = Debug;
		};
		3B302E4E28CC8CE800844468 /* Release */ = {
			isa = XCBuildConfiguration;
			buildSettings = {
				ALWAYS_SEARCH_USER_PATHS = NO;
				CLANG_ANALYZER_NONNULL = YES;
				CLANG_ANALYZER_NUMBER_OBJECT_CONVERSION = YES_AGGRESSIVE;
				CLANG_CXX_LANGUAGE_STANDARD = "gnu++17";
				CLANG_ENABLE_MODULES = YES;
				CLANG_ENABLE_OBJC_ARC = YES;
				CLANG_ENABLE_OBJC_WEAK = YES;
				CLANG_WARN_BLOCK_CAPTURE_AUTORELEASING = YES;
				CLANG_WARN_BOOL_CONVERSION = YES;
				CLANG_WARN_COMMA = YES;
				CLANG_WARN_CONSTANT_CONVERSION = YES;
				CLANG_WARN_DEPRECATED_OBJC_IMPLEMENTATIONS = YES;
				CLANG_WARN_DIRECT_OBJC_ISA_USAGE = YES_ERROR;
				CLANG_WARN_DOCUMENTATION_COMMENTS = YES;
				CLANG_WARN_EMPTY_BODY = YES;
				CLANG_WARN_ENUM_CONVERSION = YES;
				CLANG_WARN_INFINITE_RECURSION = YES;
				CLANG_WARN_INT_CONVERSION = YES;
				CLANG_WARN_NON_LITERAL_NULL_CONVERSION = YES;
				CLANG_WARN_OBJC_IMPLICIT_RETAIN_SELF = YES;
				CLANG_WARN_OBJC_LITERAL_CONVERSION = YES;
				CLANG_WARN_OBJC_ROOT_CLASS = YES_ERROR;
				CLANG_WARN_QUOTED_INCLUDE_IN_FRAMEWORK_HEADER = YES;
				CLANG_WARN_RANGE_LOOP_ANALYSIS = YES;
				CLANG_WARN_STRICT_PROTOTYPES = YES;
				CLANG_WARN_SUSPICIOUS_MOVE = YES;
				CLANG_WARN_UNGUARDED_AVAILABILITY = YES_AGGRESSIVE;
				CLANG_WARN_UNREACHABLE_CODE = YES;
				CLANG_WARN__DUPLICATE_METHOD_MATCH = YES;
				COPY_PHASE_STRIP = NO;
				DEBUG_INFORMATION_FORMAT = "dwarf-with-dsym";
				ENABLE_NS_ASSERTIONS = NO;
				ENABLE_STRICT_OBJC_MSGSEND = YES;
				GCC_C_LANGUAGE_STANDARD = gnu11;
				GCC_NO_COMMON_BLOCKS = YES;
				GCC_WARN_64_TO_32_BIT_CONVERSION = YES;
				GCC_WARN_ABOUT_RETURN_TYPE = YES_ERROR;
				GCC_WARN_UNDECLARED_SELECTOR = YES;
				GCC_WARN_UNINITIALIZED_AUTOS = YES_AGGRESSIVE;
				GCC_WARN_UNUSED_FUNCTION = YES;
				GCC_WARN_UNUSED_VARIABLE = YES;
				IPHONEOS_DEPLOYMENT_TARGET = 15.5;
				MTL_ENABLE_DEBUG_INFO = NO;
				MTL_FAST_MATH = YES;
				SDKROOT = iphoneos;
				SWIFT_COMPILATION_MODE = wholemodule;
				SWIFT_OPTIMIZATION_LEVEL = "-O";
				VALIDATE_PRODUCT = YES;
			};
			name = Release;
		};
		3B302E5028CC8CE800844468 /* Debug */ = {
			isa = XCBuildConfiguration;
			baseConfigurationReference = 1F8DCCA6C800E34EB4D66768 /* Pods-ChatMe-MessengerApp.debug.xcconfig */;
			buildSettings = {
				ASSETCATALOG_COMPILER_APPICON_NAME = AppIcon;
				ASSETCATALOG_COMPILER_GLOBAL_ACCENT_COLOR_NAME = AccentColor;
				CODE_SIGN_STYLE = Automatic;
				CURRENT_PROJECT_VERSION = 1;
				DEVELOPMENT_TEAM = XX34NBC2NS;
				GENERATE_INFOPLIST_FILE = YES;
				INFOPLIST_FILE = "ChatMe-MessengerApp/Supporting/Info.plist";
				INFOPLIST_KEY_UIApplicationSupportsIndirectInputEvents = YES;
				INFOPLIST_KEY_UILaunchStoryboardName = LaunchScreen;
				INFOPLIST_KEY_UISupportedInterfaceOrientations = UIInterfaceOrientationPortrait;
				INFOPLIST_KEY_UISupportedInterfaceOrientations_iPad = "UIInterfaceOrientationLandscapeLeft UIInterfaceOrientationLandscapeRight UIInterfaceOrientationPortrait UIInterfaceOrientationPortraitUpsideDown";
				IPHONEOS_DEPLOYMENT_TARGET = 13.0;
				LD_RUNPATH_SEARCH_PATHS = (
					"$(inherited)",
					"@executable_path/Frameworks",
				);
				MARKETING_VERSION = 1.0;
				PRODUCT_BUNDLE_IDENTIFIER = "Arctanyn-Group.ChatMe-MessengerApp";
				PRODUCT_NAME = "$(TARGET_NAME)";
				SUPPORTED_PLATFORMS = "iphoneos iphonesimulator";
				SUPPORTS_MACCATALYST = NO;
				SUPPORTS_MAC_DESIGNED_FOR_IPHONE_IPAD = NO;
				SWIFT_EMIT_LOC_STRINGS = YES;
				SWIFT_VERSION = 5.0;
				TARGETED_DEVICE_FAMILY = 1;
			};
			name = Debug;
		};
		3B302E5128CC8CE800844468 /* Release */ = {
			isa = XCBuildConfiguration;
			baseConfigurationReference = 64C4F0F9062FA07783B4E133 /* Pods-ChatMe-MessengerApp.release.xcconfig */;
			buildSettings = {
				ASSETCATALOG_COMPILER_APPICON_NAME = AppIcon;
				ASSETCATALOG_COMPILER_GLOBAL_ACCENT_COLOR_NAME = AccentColor;
				CODE_SIGN_STYLE = Automatic;
				CURRENT_PROJECT_VERSION = 1;
				DEVELOPMENT_TEAM = XX34NBC2NS;
				GENERATE_INFOPLIST_FILE = YES;
				INFOPLIST_FILE = "ChatMe-MessengerApp/Supporting/Info.plist";
				INFOPLIST_KEY_UIApplicationSupportsIndirectInputEvents = YES;
				INFOPLIST_KEY_UILaunchStoryboardName = LaunchScreen;
				INFOPLIST_KEY_UISupportedInterfaceOrientations = UIInterfaceOrientationPortrait;
				INFOPLIST_KEY_UISupportedInterfaceOrientations_iPad = "UIInterfaceOrientationLandscapeLeft UIInterfaceOrientationLandscapeRight UIInterfaceOrientationPortrait UIInterfaceOrientationPortraitUpsideDown";
				IPHONEOS_DEPLOYMENT_TARGET = 13.0;
				LD_RUNPATH_SEARCH_PATHS = (
					"$(inherited)",
					"@executable_path/Frameworks",
				);
				MARKETING_VERSION = 1.0;
				PRODUCT_BUNDLE_IDENTIFIER = "Arctanyn-Group.ChatMe-MessengerApp";
				PRODUCT_NAME = "$(TARGET_NAME)";
				SUPPORTED_PLATFORMS = "iphoneos iphonesimulator";
				SUPPORTS_MACCATALYST = NO;
				SUPPORTS_MAC_DESIGNED_FOR_IPHONE_IPAD = NO;
				SWIFT_EMIT_LOC_STRINGS = YES;
				SWIFT_VERSION = 5.0;
				TARGETED_DEVICE_FAMILY = 1;
			};
			name = Release;
		};
/* End XCBuildConfiguration section */

/* Begin XCConfigurationList section */
		3B302E3628CC8CE700844468 /* Build configuration list for PBXProject "ChatMe-MessengerApp" */ = {
			isa = XCConfigurationList;
			buildConfigurations = (
				3B302E4D28CC8CE800844468 /* Debug */,
				3B302E4E28CC8CE800844468 /* Release */,
			);
			defaultConfigurationIsVisible = 0;
			defaultConfigurationName = Release;
		};
		3B302E4F28CC8CE800844468 /* Build configuration list for PBXNativeTarget "ChatMe-MessengerApp" */ = {
			isa = XCConfigurationList;
			buildConfigurations = (
				3B302E5028CC8CE800844468 /* Debug */,
				3B302E5128CC8CE800844468 /* Release */,
			);
			defaultConfigurationIsVisible = 0;
			defaultConfigurationName = Release;
		};
/* End XCConfigurationList section */
	};
	rootObject = 3B302E3328CC8CE700844468 /* Project object */;
}
